Microsoft Visual Studio Solution File, Format Version 12.00
# Visual Studio Version 17
VisualStudioVersion = 17.5.2.0
MinimumVisualStudioVersion = 10.0.40219.1
Project("{2150E333-8FDC-42A3-9474-1A3956D46DE8}") = "zec01", "zec01", "{1BE530CD-F62A-C599-9348-40EEE3158251}"
EndProject
Project("{FAE04EC0-301F-11D3-BF4B-00C04F79EFBC}") = "zenith-echo_core-01", "zec01\zenith-echo_core-01.csproj", "{1E29B5EF-5028-1614-06E6-18FF5CF5E11C}"
EndProject
Global
	GlobalSection(SolutionConfigurationPlatforms) = preSolution
		Debug|Any CPU = Debug|Any CPU
		Release|Any CPU = Release|Any CPU
	EndGlobalSection
	GlobalSection(ProjectConfigurationPlatforms) = postSolution
		{1E29B5EF-5028-1614-06E6-18FF5CF5E11C}.Debug|Any CPU.ActiveCfg = Debug|Any CPU
		{1E29B5EF-5028-1614-06E6-18FF5CF5E11C}.Debug|Any CPU.Build.0 = Debug|Any CPU
		{1E29B5EF-5028-1614-06E6-18FF5CF5E11C}.Release|Any CPU.ActiveCfg = Release|Any CPU
		{1E29B5EF-5028-1614-06E6-18FF5CF5E11C}.Release|Any CPU.Build.0 = Release|Any CPU
	EndGlobalSection
	GlobalSection(SolutionProperties) = preSolution
		HideSolutionNode = FALSE
	EndGlobalSection
	GlobalSection(NestedProjects) = preSolution
		{1E29B5EF-5028-1614-06E6-18FF5CF5E11C} = {1BE530CD-F62A-C599-9348-40EEE3158251}
	EndGlobalSection
	GlobalSection(ExtensibilityGlobals) = postSolution
		SolutionGuid = {B906C415-AEE8-4F75-B736-F106B9AD75B5}
	EndGlobalSection
EndGlobal
